
Microsoft Visual Studio Solution File, Format Version 12.00
# Visual Studio Version 17
VisualStudioVersion = 17.9.34701.34
MinimumVisualStudioVersion = 10.0.40219.1
Project("{8BC9CEB8-8B4A-11D0-8D11-00A0C91BC942}") = "PrintText", "PrintText\PrintText.vcxproj", "{CF96BC7F-BA14-4318-B9AB-4F0857B4D45B}"
EndProject
Project("{8BC9CEB8-8B4A-11D0-8D11-00A0C91BC942}") = "Inch", "Inch\Inch.vcxproj", "{1A0C6255-8A03-4BB0-9954-2B12BCFD011D}"
EndProject
Project("{8BC9CEB8-8B4A-11D0-8D11-00A0C91BC942}") = "Progression", "Progression\Progression.vcxproj", "{A123C484-AD3A-4C4F-BE55-1482ABA3BB1A}"
EndProject
Project("{8BC9CEB8-8B4A-11D0-8D11-00A0C91BC942}") = "Ferz", "Ferz\Ferz.vcxproj", "{38D0EE6D-0EC9-41F9-A1D6-79973EDFFAFC}"
EndProject
Project("{8BC9CEB8-8B4A-11D0-8D11-00A0C91BC942}") = "Triangle", "Triangle\Triangle.vcxproj", "{1C2140E6-0809-496F-BB64-792DA83550F1}"
EndProject
Project("{8BC9CEB8-8B4A-11D0-8D11-00A0C91BC942}") = "Year", "Year\Year.vcxproj", "{C88D3E69-AF83-43CB-8566-F23342D622AF}"
EndProject
Project("{8BC9CEB8-8B4A-11D0-8D11-00A0C91BC942}") = "DofM", "DofM\DofM.vcxproj", "{A3456F46-D873-4946-9EE4-F8B8BAFDD7A0}"
EndProject
Project("{8BC9CEB8-8B4A-11D0-8D11-00A0C91BC942}") = "CalendarPrint", "CalendarPrint\CalendarPrint.vcxproj", "{B6B8CF09-CB7F-49A4-B83E-C96CEFD616B7}"
EndProject
Project("{8BC9CEB8-8B4A-11D0-8D11-00A0C91BC942}") = "Ln", "Ln\Ln.vcxproj", "{EC63EFC1-8561-48BA-9882-88E7ADC1CB06}"
EndProject
Project("{8BC9CEB8-8B4A-11D0-8D11-00A0C91BC942}") = "ChaSum", "ChaSum\ChaSum.vcxproj", "{D150B29A-BF35-46C7-852C-E9AD0E87F6F2}"
EndProject
Project("{8BC9CEB8-8B4A-11D0-8D11-00A0C91BC942}") = "StringTest", "StringTest\StringTest.vcxproj", "{2FBC5878-8AA5-46FB-B6D2-3CE760DF7A17}"
EndProject
Project("{8BC9CEB8-8B4A-11D0-8D11-00A0C91BC942}") = "2-4-A_Parole", "2-4-A_Parole\2-4-A_Parole.vcxproj", "{7D2772C9-8E72-4E01-96BE-3193C683303C}"
EndProject
Project("{8BC9CEB8-8B4A-11D0-8D11-00A0C91BC942}") = "2-4-B_Soundex", "2-4-B_Soundex\2-4-B_Soundex.vcxproj", "{9A340A68-5ACD-4FF8-9D4B-7621582D842B}"
EndProject
Project("{8BC9CEB8-8B4A-11D0-8D11-00A0C91BC942}") = "2-4-C_Replace", "2-4-C_Replace\2-4-C_Replace.vcxproj", "{632435B9-F7DB-4CA5-BCE9-3A1B44C60A3B}"
EndProject
Project("{8BC9CEB8-8B4A-11D0-8D11-00A0C91BC942}") = "2-4-D_StringRange", "2-4-D_StringRange\2-4-D_StringRange.vcxproj", "{58AD6D78-B847-48DC-B37B-7D9578A90E5C}"
EndProject
Project("{8BC9CEB8-8B4A-11D0-8D11-00A0C91BC942}") = "2-4-E_Palindrom", "2-4-E_Palindrom\2-4-E_Palindrom.vcxproj", "{AC58609D-B444-4E6B-9DDF-B9D3EB56EC84}"
EndProject
Project("{8BC9CEB8-8B4A-11D0-8D11-00A0C91BC942}") = "2-4-F_Sapjor", "2-4-F_Sapjor\2-4-F_Sapjor.vcxproj", "{D94FD30B-4987-47C9-85A6-A0076C1E35F7}"
EndProject
Project("{8BC9CEB8-8B4A-11D0-8D11-00A0C91BC942}") = "2-7-A_ArgMax", "2-7-A_ArgMax\2-7-A_ArgMax.vcxproj", "{F2BA06EC-7CD5-453C-885F-0B2F60675F5C}"
EndProject
Project("{8BC9CEB8-8B4A-11D0-8D11-00A0C91BC942}") = "2-7-B_Prefix", "2-7-B_Prefix\2-7-B_Prefix.vcxproj", "{714A17E9-FEFF-443F-9B42-97F24909456C}"
EndProject
Project("{8BC9CEB8-8B4A-11D0-8D11-00A0C91BC942}") = "2-7-C_Split", "2-7-C-\2-7-C-.vcxproj", "{644CD1E4-3FBE-496E-B1D4-0DE04770AEBA}"
EndProject
Project("{8BC9CEB8-8B4A-11D0-8D11-00A0C91BC942}") = "2-7-D_Join", "2-7-D_Join\2-7-D_Join.vcxproj", "{30136032-E911-4FC3-ACF8-49D78E4927CC}"
EndProject
Project("{8BC9CEB8-8B4A-11D0-8D11-00A0C91BC942}") = "2-7-E-TranspMatrix", "2-7-E-TranspMatrix\2-7-E-TranspMatrix.vcxproj", "{88F0DDC8-45BC-4436-9DDB-A3D55A770DA4}"
EndProject
Project("{8BC9CEB8-8B4A-11D0-8D11-00A0C91BC942}") = "2-7-F_SortPoint", "2-7-F_SortPoint\2-7-F_SortPoint.vcxproj", "{2C256B30-F234-494F-B24A-162E9F0B834A}"
EndProject
Project("{8BC9CEB8-8B4A-11D0-8D11-00A0C91BC942}") = "3-1-A_Print", "3-1-A_Print\3-1-A_Print.vcxproj", "{22702D0B-FDA7-4180-9892-20430FB47CB3}"
EndProject
Project("{8BC9CEB8-8B4A-11D0-8D11-00A0C91BC942}") = "3-1-B_ChekWorker", "3-1-B_ChekWorker\3-1-B_ChekWorker.vcxproj", "{24D1F054-78A0-449C-ACFF-37544615EE9E}"
EndProject
Project("{8BC9CEB8-8B4A-11D0-8D11-00A0C91BC942}") = "3-1-C_Cars", "3-1-C_Cars\3-1-C_Cars.vcxproj", "{760AB3A3-47DE-4156-ADD8-F4E40ED17538}"
EndProject
Project("{8BC9CEB8-8B4A-11D0-8D11-00A0C91BC942}") = "3-1-D_Redactor", "3-1-D_Redactor\3-1-D_Redactor.vcxproj", "{B93ED2CA-32A9-46F4-A6BB-C7D3ECC977E9}"
EndProject
Project("{8BC9CEB8-8B4A-11D0-8D11-00A0C91BC942}") = "WikiWordCounter", "WikiWordCounter\WikiWordCounter.vcxproj", "{EBB2384E-937A-4D70-9BE6-A4992512B5A9}"
EndProject
Project("{8BC9CEB8-8B4A-11D0-8D11-00A0C91BC942}") = "3-2-A_Repite", "3-2-A_Repite\3-2-A_Repite.vcxproj", "{B940C3D0-5547-44C1-A14B-F3A88FA5670E}"
EndProject
Project("{8BC9CEB8-8B4A-11D0-8D11-00A0C91BC942}") = "3-2-B_UniteSymbols", "3-2-B_UniteSymbols\3-2-B_UniteSymbols.vcxproj", "{9E248E83-E941-4C93-BAFF-BE6529332DFD}"
EndProject
Project("{8BC9CEB8-8B4A-11D0-8D11-00A0C91BC942}") = "3-2-C_FileSystem", "3-2-C_FileSystem\3-2-C_FileSystem.vcxproj", "{24E47E8D-C433-47E4-933C-CDD13A78F746}"
EndProject
Global
	GlobalSection(SolutionConfigurationPlatforms) = preSolution
		Debug|x64 = Debug|x64
		Debug|x86 = Debug|x86
		Release|x64 = Release|x64
		Release|x86 = Release|x86
	EndGlobalSection
	GlobalSection(ProjectConfigurationPlatforms) = postSolution
		{CF96BC7F-BA14-4318-B9AB-4F0857B4D45B}.Debug|x64.ActiveCfg = Debug|x64
		{CF96BC7F-BA14-4318-B9AB-4F0857B4D45B}.Debug|x64.Build.0 = Debug|x64
		{CF96BC7F-BA14-4318-B9AB-4F0857B4D45B}.Debug|x86.ActiveCfg = Debug|Win32
		{CF96BC7F-BA14-4318-B9AB-4F0857B4D45B}.Debug|x86.Build.0 = Debug|Win32
		{CF96BC7F-BA14-4318-B9AB-4F0857B4D45B}.Release|x64.ActiveCfg = Release|x64
		{CF96BC7F-BA14-4318-B9AB-4F0857B4D45B}.Release|x64.Build.0 = Release|x64
		{CF96BC7F-BA14-4318-B9AB-4F0857B4D45B}.Release|x86.ActiveCfg = Release|Win32
		{CF96BC7F-BA14-4318-B9AB-4F0857B4D45B}.Release|x86.Build.0 = Release|Win32
		{1A0C6255-8A03-4BB0-9954-2B12BCFD011D}.Debug|x64.ActiveCfg = Debug|x64
		{1A0C6255-8A03-4BB0-9954-2B12BCFD011D}.Debug|x64.Build.0 = Debug|x64
		{1A0C6255-8A03-4BB0-9954-2B12BCFD011D}.Debug|x86.ActiveCfg = Debug|Win32
		{1A0C6255-8A03-4BB0-9954-2B12BCFD011D}.Debug|x86.Build.0 = Debug|Win32
		{1A0C6255-8A03-4BB0-9954-2B12BCFD011D}.Release|x64.ActiveCfg = Release|x64
		{1A0C6255-8A03-4BB0-9954-2B12BCFD011D}.Release|x64.Build.0 = Release|x64
		{1A0C6255-8A03-4BB0-9954-2B12BCFD011D}.Release|x86.ActiveCfg = Release|Win32
		{1A0C6255-8A03-4BB0-9954-2B12BCFD011D}.Release|x86.Build.0 = Release|Win32
		{A123C484-AD3A-4C4F-BE55-1482ABA3BB1A}.Debug|x64.ActiveCfg = Debug|x64
		{A123C484-AD3A-4C4F-BE55-1482ABA3BB1A}.Debug|x64.Build.0 = Debug|x64
		{A123C484-AD3A-4C4F-BE55-1482ABA3BB1A}.Debug|x86.ActiveCfg = Debug|Win32
		{A123C484-AD3A-4C4F-BE55-1482ABA3BB1A}.Debug|x86.Build.0 = Debug|Win32
		{A123C484-AD3A-4C4F-BE55-1482ABA3BB1A}.Release|x64.ActiveCfg = Release|x64
		{A123C484-AD3A-4C4F-BE55-1482ABA3BB1A}.Release|x64.Build.0 = Release|x64
		{A123C484-AD3A-4C4F-BE55-1482ABA3BB1A}.Release|x86.ActiveCfg = Release|Win32
		{A123C484-AD3A-4C4F-BE55-1482ABA3BB1A}.Release|x86.Build.0 = Release|Win32
		{38D0EE6D-0EC9-41F9-A1D6-79973EDFFAFC}.Debug|x64.ActiveCfg = Debug|x64
		{38D0EE6D-0EC9-41F9-A1D6-79973EDFFAFC}.Debug|x64.Build.0 = Debug|x64
		{38D0EE6D-0EC9-41F9-A1D6-79973EDFFAFC}.Debug|x86.ActiveCfg = Debug|Win32
		{38D0EE6D-0EC9-41F9-A1D6-79973EDFFAFC}.Debug|x86.Build.0 = Debug|Win32
		{38D0EE6D-0EC9-41F9-A1D6-79973EDFFAFC}.Release|x64.ActiveCfg = Release|x64
		{38D0EE6D-0EC9-41F9-A1D6-79973EDFFAFC}.Release|x64.Build.0 = Release|x64
		{38D0EE6D-0EC9-41F9-A1D6-79973EDFFAFC}.Release|x86.ActiveCfg = Release|Win32
		{38D0EE6D-0EC9-41F9-A1D6-79973EDFFAFC}.Release|x86.Build.0 = Release|Win32
		{1C2140E6-0809-496F-BB64-792DA83550F1}.Debug|x64.ActiveCfg = Debug|x64
		{1C2140E6-0809-496F-BB64-792DA83550F1}.Debug|x64.Build.0 = Debug|x64
		{1C2140E6-0809-496F-BB64-792DA83550F1}.Debug|x86.ActiveCfg = Debug|Win32
		{1C2140E6-0809-496F-BB64-792DA83550F1}.Debug|x86.Build.0 = Debug|Win32
		{1C2140E6-0809-496F-BB64-792DA83550F1}.Release|x64.ActiveCfg = Release|x64
		{1C2140E6-0809-496F-BB64-792DA83550F1}.Release|x64.Build.0 = Release|x64
		{1C2140E6-0809-496F-BB64-792DA83550F1}.Release|x86.ActiveCfg = Release|Win32
		{1C2140E6-0809-496F-BB64-792DA83550F1}.Release|x86.Build.0 = Release|Win32
		{C88D3E69-AF83-43CB-8566-F23342D622AF}.Debug|x64.ActiveCfg = Debug|x64
		{C88D3E69-AF83-43CB-8566-F23342D622AF}.Debug|x64.Build.0 = Debug|x64
		{C88D3E69-AF83-43CB-8566-F23342D622AF}.Debug|x86.ActiveCfg = Debug|Win32
		{C88D3E69-AF83-43CB-8566-F23342D622AF}.Debug|x86.Build.0 = Debug|Win32
		{C88D3E69-AF83-43CB-8566-F23342D622AF}.Release|x64.ActiveCfg = Release|x64
		{C88D3E69-AF83-43CB-8566-F23342D622AF}.Release|x64.Build.0 = Release|x64
		{C88D3E69-AF83-43CB-8566-F23342D622AF}.Release|x86.ActiveCfg = Release|Win32
		{C88D3E69-AF83-43CB-8566-F23342D622AF}.Release|x86.Build.0 = Release|Win32
		{A3456F46-D873-4946-9EE4-F8B8BAFDD7A0}.Debug|x64.ActiveCfg = Debug|x64
		{A3456F46-D873-4946-9EE4-F8B8BAFDD7A0}.Debug|x64.Build.0 = Debug|x64
		{A3456F46-D873-4946-9EE4-F8B8BAFDD7A0}.Debug|x86.ActiveCfg = Debug|Win32
		{A3456F46-D873-4946-9EE4-F8B8BAFDD7A0}.Debug|x86.Build.0 = Debug|Win32
		{A3456F46-D873-4946-9EE4-F8B8BAFDD7A0}.Release|x64.ActiveCfg = Release|x64
		{A3456F46-D873-4946-9EE4-F8B8BAFDD7A0}.Release|x64.Build.0 = Release|x64
		{A3456F46-D873-4946-9EE4-F8B8BAFDD7A0}.Release|x86.ActiveCfg = Release|Win32
		{A3456F46-D873-4946-9EE4-F8B8BAFDD7A0}.Release|x86.Build.0 = Release|Win32
		{B6B8CF09-CB7F-49A4-B83E-C96CEFD616B7}.Debug|x64.ActiveCfg = Debug|x64
		{B6B8CF09-CB7F-49A4-B83E-C96CEFD616B7}.Debug|x64.Build.0 = Debug|x64
		{B6B8CF09-CB7F-49A4-B83E-C96CEFD616B7}.Debug|x86.ActiveCfg = Debug|Win32
		{B6B8CF09-CB7F-49A4-B83E-C96CEFD616B7}.Debug|x86.Build.0 = Debug|Win32
		{B6B8CF09-CB7F-49A4-B83E-C96CEFD616B7}.Release|x64.ActiveCfg = Release|x64
		{B6B8CF09-CB7F-49A4-B83E-C96CEFD616B7}.Release|x64.Build.0 = Release|x64
		{B6B8CF09-CB7F-49A4-B83E-C96CEFD616B7}.Release|x86.ActiveCfg = Release|Win32
		{B6B8CF09-CB7F-49A4-B83E-C96CEFD616B7}.Release|x86.Build.0 = Release|Win32
		{EC63EFC1-8561-48BA-9882-88E7ADC1CB06}.Debug|x64.ActiveCfg = Debug|x64
		{EC63EFC1-8561-48BA-9882-88E7ADC1CB06}.Debug|x64.Build.0 = Debug|x64
		{EC63EFC1-8561-48BA-9882-88E7ADC1CB06}.Debug|x86.ActiveCfg = Debug|Win32
		{EC63EFC1-8561-48BA-9882-88E7ADC1CB06}.Debug|x86.Build.0 = Debug|Win32
		{EC63EFC1-8561-48BA-9882-88E7ADC1CB06}.Release|x64.ActiveCfg = Release|x64
		{EC63EFC1-8561-48BA-9882-88E7ADC1CB06}.Release|x64.Build.0 = Release|x64
		{EC63EFC1-8561-48BA-9882-88E7ADC1CB06}.Release|x86.ActiveCfg = Release|Win32
		{EC63EFC1-8561-48BA-9882-88E7ADC1CB06}.Release|x86.Build.0 = Release|Win32
		{D150B29A-BF35-46C7-852C-E9AD0E87F6F2}.Debug|x64.ActiveCfg = Debug|x64
		{D150B29A-BF35-46C7-852C-E9AD0E87F6F2}.Debug|x64.Build.0 = Debug|x64
		{D150B29A-BF35-46C7-852C-E9AD0E87F6F2}.Debug|x86.ActiveCfg = Debug|Win32
		{D150B29A-BF35-46C7-852C-E9AD0E87F6F2}.Debug|x86.Build.0 = Debug|Win32
		{D150B29A-BF35-46C7-852C-E9AD0E87F6F2}.Release|x64.ActiveCfg = Release|x64
		{D150B29A-BF35-46C7-852C-E9AD0E87F6F2}.Release|x64.Build.0 = Release|x64
		{D150B29A-BF35-46C7-852C-E9AD0E87F6F2}.Release|x86.ActiveCfg = Release|Win32
		{D150B29A-BF35-46C7-852C-E9AD0E87F6F2}.Release|x86.Build.0 = Release|Win32
		{2FBC5878-8AA5-46FB-B6D2-3CE760DF7A17}.Debug|x64.ActiveCfg = Debug|x64
		{2FBC5878-8AA5-46FB-B6D2-3CE760DF7A17}.Debug|x64.Build.0 = Debug|x64
		{2FBC5878-8AA5-46FB-B6D2-3CE760DF7A17}.Debug|x86.ActiveCfg = Debug|Win32
		{2FBC5878-8AA5-46FB-B6D2-3CE760DF7A17}.Debug|x86.Build.0 = Debug|Win32
		{2FBC5878-8AA5-46FB-B6D2-3CE760DF7A17}.Release|x64.ActiveCfg = Release|x64
		{2FBC5878-8AA5-46FB-B6D2-3CE760DF7A17}.Release|x64.Build.0 = Release|x64
		{2FBC5878-8AA5-46FB-B6D2-3CE760DF7A17}.Release|x86.ActiveCfg = Release|Win32
		{2FBC5878-8AA5-46FB-B6D2-3CE760DF7A17}.Release|x86.Build.0 = Release|Win32
		{7D2772C9-8E72-4E01-96BE-3193C683303C}.Debug|x64.ActiveCfg = Debug|x64
		{7D2772C9-8E72-4E01-96BE-3193C683303C}.Debug|x64.Build.0 = Debug|x64
		{7D2772C9-8E72-4E01-96BE-3193C683303C}.Debug|x86.ActiveCfg = Debug|Win32
		{7D2772C9-8E72-4E01-96BE-3193C683303C}.Debug|x86.Build.0 = Debug|Win32
		{7D2772C9-8E72-4E01-96BE-3193C683303C}.Release|x64.ActiveCfg = Release|x64
		{7D2772C9-8E72-4E01-96BE-3193C683303C}.Release|x64.Build.0 = Release|x64
		{7D2772C9-8E72-4E01-96BE-3193C683303C}.Release|x86.ActiveCfg = Release|Win32
		{7D2772C9-8E72-4E01-96BE-3193C683303C}.Release|x86.Build.0 = Release|Win32
		{9A340A68-5ACD-4FF8-9D4B-7621582D842B}.Debug|x64.ActiveCfg = Debug|x64
		{9A340A68-5ACD-4FF8-9D4B-7621582D842B}.Debug|x64.Build.0 = Debug|x64
		{9A340A68-5ACD-4FF8-9D4B-7621582D842B}.Debug|x86.ActiveCfg = Debug|Win32
		{9A340A68-5ACD-4FF8-9D4B-7621582D842B}.Debug|x86.Build.0 = Debug|Win32
		{9A340A68-5ACD-4FF8-9D4B-7621582D842B}.Release|x64.ActiveCfg = Release|x64
		{9A340A68-5ACD-4FF8-9D4B-7621582D842B}.Release|x64.Build.0 = Release|x64
		{9A340A68-5ACD-4FF8-9D4B-7621582D842B}.Release|x86.ActiveCfg = Release|Win32
		{9A340A68-5ACD-4FF8-9D4B-7621582D842B}.Release|x86.Build.0 = Release|Win32
		{632435B9-F7DB-4CA5-BCE9-3A1B44C60A3B}.Debug|x64.ActiveCfg = Debug|x64
		{632435B9-F7DB-4CA5-BCE9-3A1B44C60A3B}.Debug|x64.Build.0 = Debug|x64
		{632435B9-F7DB-4CA5-BCE9-3A1B44C60A3B}.Debug|x86.ActiveCfg = Debug|Win32
		{632435B9-F7DB-4CA5-BCE9-3A1B44C60A3B}.Debug|x86.Build.0 = Debug|Win32
		{632435B9-F7DB-4CA5-BCE9-3A1B44C60A3B}.Release|x64.ActiveCfg = Release|x64
		{632435B9-F7DB-4CA5-BCE9-3A1B44C60A3B}.Release|x64.Build.0 = Release|x64
		{632435B9-F7DB-4CA5-BCE9-3A1B44C60A3B}.Release|x86.ActiveCfg = Release|Win32
		{632435B9-F7DB-4CA5-BCE9-3A1B44C60A3B}.Release|x86.Build.0 = Release|Win32
		{58AD6D78-B847-48DC-B37B-7D9578A90E5C}.Debug|x64.ActiveCfg = Debug|x64
		{58AD6D78-B847-48DC-B37B-7D9578A90E5C}.Debug|x64.Build.0 = Debug|x64
		{58AD6D78-B847-48DC-B37B-7D9578A90E5C}.Debug|x86.ActiveCfg = Debug|Win32
		{58AD6D78-B847-48DC-B37B-7D9578A90E5C}.Debug|x86.Build.0 = Debug|Win32
		{58AD6D78-B847-48DC-B37B-7D9578A90E5C}.Release|x64.ActiveCfg = Release|x64
		{58AD6D78-B847-48DC-B37B-7D9578A90E5C}.Release|x64.Build.0 = Release|x64
		{58AD6D78-B847-48DC-B37B-7D9578A90E5C}.Release|x86.ActiveCfg = Release|Win32
		{58AD6D78-B847-48DC-B37B-7D9578A90E5C}.Release|x86.Build.0 = Release|Win32
		{AC58609D-B444-4E6B-9DDF-B9D3EB56EC84}.Debug|x64.ActiveCfg = Debug|x64
		{AC58609D-B444-4E6B-9DDF-B9D3EB56EC84}.Debug|x64.Build.0 = Debug|x64
		{AC58609D-B444-4E6B-9DDF-B9D3EB56EC84}.Debug|x86.ActiveCfg = Debug|Win32
		{AC58609D-B444-4E6B-9DDF-B9D3EB56EC84}.Debug|x86.Build.0 = Debug|Win32
		{AC58609D-B444-4E6B-9DDF-B9D3EB56EC84}.Release|x64.ActiveCfg = Release|x64
		{AC58609D-B444-4E6B-9DDF-B9D3EB56EC84}.Release|x64.Build.0 = Release|x64
		{AC58609D-B444-4E6B-9DDF-B9D3EB56EC84}.Release|x86.ActiveCfg = Release|Win32
		{AC58609D-B444-4E6B-9DDF-B9D3EB56EC84}.Release|x86.Build.0 = Release|Win32
		{D94FD30B-4987-47C9-85A6-A0076C1E35F7}.Debug|x64.ActiveCfg = Debug|x64
		{D94FD30B-4987-47C9-85A6-A0076C1E35F7}.Debug|x64.Build.0 = Debug|x64
		{D94FD30B-4987-47C9-85A6-A0076C1E35F7}.Debug|x86.ActiveCfg = Debug|Win32
		{D94FD30B-4987-47C9-85A6-A0076C1E35F7}.Debug|x86.Build.0 = Debug|Win32
		{D94FD30B-4987-47C9-85A6-A0076C1E35F7}.Release|x64.ActiveCfg = Release|x64
		{D94FD30B-4987-47C9-85A6-A0076C1E35F7}.Release|x64.Build.0 = Release|x64
		{D94FD30B-4987-47C9-85A6-A0076C1E35F7}.Release|x86.ActiveCfg = Release|Win32
		{D94FD30B-4987-47C9-85A6-A0076C1E35F7}.Release|x86.Build.0 = Release|Win32
		{F2BA06EC-7CD5-453C-885F-0B2F60675F5C}.Debug|x64.ActiveCfg = Debug|x64
		{F2BA06EC-7CD5-453C-885F-0B2F60675F5C}.Debug|x64.Build.0 = Debug|x64
		{F2BA06EC-7CD5-453C-885F-0B2F60675F5C}.Debug|x86.ActiveCfg = Debug|Win32
		{F2BA06EC-7CD5-453C-885F-0B2F60675F5C}.Debug|x86.Build.0 = Debug|Win32
		{F2BA06EC-7CD5-453C-885F-0B2F60675F5C}.Release|x64.ActiveCfg = Release|x64
		{F2BA06EC-7CD5-453C-885F-0B2F60675F5C}.Release|x64.Build.0 = Release|x64
		{F2BA06EC-7CD5-453C-885F-0B2F60675F5C}.Release|x86.ActiveCfg = Release|Win32
		{F2BA06EC-7CD5-453C-885F-0B2F60675F5C}.Release|x86.Build.0 = Release|Win32
		{714A17E9-FEFF-443F-9B42-97F24909456C}.Debug|x64.ActiveCfg = Debug|x64
		{714A17E9-FEFF-443F-9B42-97F24909456C}.Debug|x64.Build.0 = Debug|x64
		{714A17E9-FEFF-443F-9B42-97F24909456C}.Debug|x86.ActiveCfg = Debug|Win32
		{714A17E9-FEFF-443F-9B42-97F24909456C}.Debug|x86.Build.0 = Debug|Win32
		{714A17E9-FEFF-443F-9B42-97F24909456C}.Release|x64.ActiveCfg = Release|x64
		{714A17E9-FEFF-443F-9B42-97F24909456C}.Release|x64.Build.0 = Release|x64
		{714A17E9-FEFF-443F-9B42-97F24909456C}.Release|x86.ActiveCfg = Release|Win32
		{714A17E9-FEFF-443F-9B42-97F24909456C}.Release|x86.Build.0 = Release|Win32
		{644CD1E4-3FBE-496E-B1D4-0DE04770AEBA}.Debug|x64.ActiveCfg = Debug|x64
		{644CD1E4-3FBE-496E-B1D4-0DE04770AEBA}.Debug|x64.Build.0 = Debug|x64
		{644CD1E4-3FBE-496E-B1D4-0DE04770AEBA}.Debug|x86.ActiveCfg = Debug|Win32
		{644CD1E4-3FBE-496E-B1D4-0DE04770AEBA}.Debug|x86.Build.0 = Debug|Win32
		{644CD1E4-3FBE-496E-B1D4-0DE04770AEBA}.Release|x64.ActiveCfg = Release|x64
		{644CD1E4-3FBE-496E-B1D4-0DE04770AEBA}.Release|x64.Build.0 = Release|x64
		{644CD1E4-3FBE-496E-B1D4-0DE04770AEBA}.Release|x86.ActiveCfg = Release|Win32
		{644CD1E4-3FBE-496E-B1D4-0DE04770AEBA}.Release|x86.Build.0 = Release|Win32
		{30136032-E911-4FC3-ACF8-49D78E4927CC}.Debug|x64.ActiveCfg = Debug|x64
		{30136032-E911-4FC3-ACF8-49D78E4927CC}.Debug|x64.Build.0 = Debug|x64
		{30136032-E911-4FC3-ACF8-49D78E4927CC}.Debug|x86.ActiveCfg = Debug|Win32
		{30136032-E911-4FC3-ACF8-49D78E4927CC}.Debug|x86.Build.0 = Debug|Win32
		{30136032-E911-4FC3-ACF8-49D78E4927CC}.Release|x64.ActiveCfg = Release|x64
		{30136032-E911-4FC3-ACF8-49D78E4927CC}.Release|x64.Build.0 = Release|x64
		{30136032-E911-4FC3-ACF8-49D78E4927CC}.Release|x86.ActiveCfg = Release|Win32
		{30136032-E911-4FC3-ACF8-49D78E4927CC}.Release|x86.Build.0 = Release|Win32
		{88F0DDC8-45BC-4436-9DDB-A3D55A770DA4}.Debug|x64.ActiveCfg = Debug|x64
		{88F0DDC8-45BC-4436-9DDB-A3D55A770DA4}.Debug|x64.Build.0 = Debug|x64
		{88F0DDC8-45BC-4436-9DDB-A3D55A770DA4}.Debug|x86.ActiveCfg = Debug|Win32
		{88F0DDC8-45BC-4436-9DDB-A3D55A770DA4}.Debug|x86.Build.0 = Debug|Win32
		{88F0DDC8-45BC-4436-9DDB-A3D55A770DA4}.Release|x64.ActiveCfg = Release|x64
		{88F0DDC8-45BC-4436-9DDB-A3D55A770DA4}.Release|x64.Build.0 = Release|x64
		{88F0DDC8-45BC-4436-9DDB-A3D55A770DA4}.Release|x86.ActiveCfg = Release|Win32
		{88F0DDC8-45BC-4436-9DDB-A3D55A770DA4}.Release|x86.Build.0 = Release|Win32
		{2C256B30-F234-494F-B24A-162E9F0B834A}.Debug|x64.ActiveCfg = Debug|x64
		{2C256B30-F234-494F-B24A-162E9F0B834A}.Debug|x64.Build.0 = Debug|x64
		{2C256B30-F234-494F-B24A-162E9F0B834A}.Debug|x86.ActiveCfg = Debug|Win32
		{2C256B30-F234-494F-B24A-162E9F0B834A}.Debug|x86.Build.0 = Debug|Win32
		{2C256B30-F234-494F-B24A-162E9F0B834A}.Release|x64.ActiveCfg = Release|x64
		{2C256B30-F234-494F-B24A-162E9F0B834A}.Release|x64.Build.0 = Release|x64
		{2C256B30-F234-494F-B24A-162E9F0B834A}.Release|x86.ActiveCfg = Release|Win32
		{2C256B30-F234-494F-B24A-162E9F0B834A}.Release|x86.Build.0 = Release|Win32
		{22702D0B-FDA7-4180-9892-20430FB47CB3}.Debug|x64.ActiveCfg = Debug|x64
		{22702D0B-FDA7-4180-9892-20430FB47CB3}.Debug|x64.Build.0 = Debug|x64
		{22702D0B-FDA7-4180-9892-20430FB47CB3}.Debug|x86.ActiveCfg = Debug|Win32
		{22702D0B-FDA7-4180-9892-20430FB47CB3}.Debug|x86.Build.0 = Debug|Win32
		{22702D0B-FDA7-4180-9892-20430FB47CB3}.Release|x64.ActiveCfg = Release|x64
		{22702D0B-FDA7-4180-9892-20430FB47CB3}.Release|x64.Build.0 = Release|x64
		{22702D0B-FDA7-4180-9892-20430FB47CB3}.Release|x86.ActiveCfg = Release|Win32
		{22702D0B-FDA7-4180-9892-20430FB47CB3}.Release|x86.Build.0 = Release|Win32
		{24D1F054-78A0-449C-ACFF-37544615EE9E}.Debug|x64.ActiveCfg = Debug|x64
		{24D1F054-78A0-449C-ACFF-37544615EE9E}.Debug|x64.Build.0 = Debug|x64
		{24D1F054-78A0-449C-ACFF-37544615EE9E}.Debug|x86.ActiveCfg = Debug|Win32
		{24D1F054-78A0-449C-ACFF-37544615EE9E}.Debug|x86.Build.0 = Debug|Win32
		{24D1F054-78A0-449C-ACFF-37544615EE9E}.Release|x64.ActiveCfg = Release|x64
		{24D1F054-78A0-449C-ACFF-37544615EE9E}.Release|x64.Build.0 = Release|x64
		{24D1F054-78A0-449C-ACFF-37544615EE9E}.Release|x86.ActiveCfg = Release|Win32
		{24D1F054-78A0-449C-ACFF-37544615EE9E}.Release|x86.Build.0 = Release|Win32
		{760AB3A3-47DE-4156-ADD8-F4E40ED17538}.Debug|x64.ActiveCfg = Debug|x64
		{760AB3A3-47DE-4156-ADD8-F4E40ED17538}.Debug|x64.Build.0 = Debug|x64
		{760AB3A3-47DE-4156-ADD8-F4E40ED17538}.Debug|x86.ActiveCfg = Debug|Win32
		{760AB3A3-47DE-4156-ADD8-F4E40ED17538}.Debug|x86.Build.0 = Debug|Win32
		{760AB3A3-47DE-4156-ADD8-F4E40ED17538}.Release|x64.ActiveCfg = Release|x64
		{760AB3A3-47DE-4156-ADD8-F4E40ED17538}.Release|x64.Build.0 = Release|x64
		{760AB3A3-47DE-4156-ADD8-F4E40ED17538}.Release|x86.ActiveCfg = Release|Win32
		{760AB3A3-47DE-4156-ADD8-F4E40ED17538}.Release|x86.Build.0 = Release|Win32
		{B93ED2CA-32A9-46F4-A6BB-C7D3ECC977E9}.Debug|x64.ActiveCfg = Debug|x64
		{B93ED2CA-32A9-46F4-A6BB-C7D3ECC977E9}.Debug|x64.Build.0 = Debug|x64
		{B93ED2CA-32A9-46F4-A6BB-C7D3ECC977E9}.Debug|x86.ActiveCfg = Debug|Win32
		{B93ED2CA-32A9-46F4-A6BB-C7D3ECC977E9}.Debug|x86.Build.0 = Debug|Win32
		{B93ED2CA-32A9-46F4-A6BB-C7D3ECC977E9}.Release|x64.ActiveCfg = Release|x64
		{B93ED2CA-32A9-46F4-A6BB-C7D3ECC977E9}.Release|x64.Build.0 = Release|x64
		{B93ED2CA-32A9-46F4-A6BB-C7D3ECC977E9}.Release|x86.ActiveCfg = Release|Win32
		{B93ED2CA-32A9-46F4-A6BB-C7D3ECC977E9}.Release|x86.Build.0 = Release|Win32
		{EBB2384E-937A-4D70-9BE6-A4992512B5A9}.Debug|x64.ActiveCfg = Debug|x64
		{EBB2384E-937A-4D70-9BE6-A4992512B5A9}.Debug|x64.Build.0 = Debug|x64
		{EBB2384E-937A-4D70-9BE6-A4992512B5A9}.Debug|x86.ActiveCfg = Debug|Win32
		{EBB2384E-937A-4D70-9BE6-A4992512B5A9}.Debug|x86.Build.0 = Debug|Win32
		{EBB2384E-937A-4D70-9BE6-A4992512B5A9}.Release|x64.ActiveCfg = Release|x64
		{EBB2384E-937A-4D70-9BE6-A4992512B5A9}.Release|x64.Build.0 = Release|x64
		{EBB2384E-937A-4D70-9BE6-A4992512B5A9}.Release|x86.ActiveCfg = Release|Win32
		{EBB2384E-937A-4D70-9BE6-A4992512B5A9}.Release|x86.Build.0 = Release|Win32
		{B940C3D0-5547-44C1-A14B-F3A88FA5670E}.Debug|x64.ActiveCfg = Debug|x64
		{B940C3D0-5547-44C1-A14B-F3A88FA5670E}.Debug|x64.Build.0 = Debug|x64
		{B940C3D0-5547-44C1-A14B-F3A88FA5670E}.Debug|x86.ActiveCfg = Debug|Win32
		{B940C3D0-5547-44C1-A14B-F3A88FA5670E}.Debug|x86.Build.0 = Debug|Win32
		{B940C3D0-5547-44C1-A14B-F3A88FA5670E}.Release|x64.ActiveCfg = Release|x64
		{B940C3D0-5547-44C1-A14B-F3A88FA5670E}.Release|x64.Build.0 = Release|x64
		{B940C3D0-5547-44C1-A14B-F3A88FA5670E}.Release|x86.ActiveCfg = Release|Win32
		{B940C3D0-5547-44C1-A14B-F3A88FA5670E}.Release|x86.Build.0 = Release|Win32
		{9E248E83-E941-4C93-BAFF-BE6529332DFD}.Debug|x64.ActiveCfg = Debug|x64
		{9E248E83-E941-4C93-BAFF-BE6529332DFD}.Debug|x64.Build.0 = Debug|x64
		{9E248E83-E941-4C93-BAFF-BE6529332DFD}.Debug|x86.ActiveCfg = Debug|Win32
		{9E248E83-E941-4C93-BAFF-BE6529332DFD}.Debug|x86.Build.0 = Debug|Win32
		{9E248E83-E941-4C93-BAFF-BE6529332DFD}.Release|x64.ActiveCfg = Release|x64
		{9E248E83-E941-4C93-BAFF-BE6529332DFD}.Release|x64.Build.0 = Release|x64
		{9E248E83-E941-4C93-BAFF-BE6529332DFD}.Release|x86.ActiveCfg = Release|Win32
		{9E248E83-E941-4C93-BAFF-BE6529332DFD}.Release|x86.Build.0 = Release|Win32
		{24E47E8D-C433-47E4-933C-CDD13A78F746}.Debug|x64.ActiveCfg = Debug|x64
		{24E47E8D-C433-47E4-933C-CDD13A78F746}.Debug|x64.Build.0 = Debug|x64
		{24E47E8D-C433-47E4-933C-CDD13A78F746}.Debug|x86.ActiveCfg = Debug|Win32
		{24E47E8D-C433-47E4-933C-CDD13A78F746}.Debug|x86.Build.0 = Debug|Win32
		{24E47E8D-C433-47E4-933C-CDD13A78F746}.Release|x64.ActiveCfg = Release|x64
		{24E47E8D-C433-47E4-933C-CDD13A78F746}.Release|x64.Build.0 = Release|x64
		{24E47E8D-C433-47E4-933C-CDD13A78F746}.Release|x86.ActiveCfg = Release|Win32
		{24E47E8D-C433-47E4-933C-CDD13A78F746}.Release|x86.Build.0 = Release|Win32
	EndGlobalSection
	GlobalSection(SolutionProperties) = preSolution
		HideSolutionNode = FALSE
	EndGlobalSection
	GlobalSection(ExtensibilityGlobals) = postSolution
		SolutionGuid = {F1B63FB6-CC2B-4445-9E77-25E1C27821A0}
	EndGlobalSection
EndGlobal
