
Microsoft Visual Studio Solution File, Format Version 12.00
# Visual Studio Version 17
VisualStudioVersion = 17.9.34701.34
MinimumVisualStudioVersion = 10.0.40219.1
Project("{8BC9CEB8-8B4A-11D0-8D11-00A0C91BC942}") = "4-1-A_NewClass_2", "4-1-A_NewClass_2.vcxproj", "{758EC86D-0655-41E0-98D3-42E3F0845847}"
EndProject
Global
	GlobalSection(SolutionConfigurationPlatforms) = preSolution
		Debug|x64 = Debug|x64
		Debug|x86 = Debug|x86
		Release|x64 = Release|x64
		Release|x86 = Release|x86
	EndGlobalSection
	GlobalSection(ProjectConfigurationPlatforms) = postSolution
		{758EC86D-0655-41E0-98D3-42E3F0845847}.Debug|x64.ActiveCfg = Debug|x64
		{758EC86D-0655-41E0-98D3-42E3F0845847}.Debug|x64.Build.0 = Debug|x64
		{758EC86D-0655-41E0-98D3-42E3F0845847}.Debug|x86.ActiveCfg = Debug|Win32
		{758EC86D-0655-41E0-98D3-42E3F0845847}.Debug|x86.Build.0 = Debug|Win32
		{758EC86D-0655-41E0-98D3-42E3F0845847}.Release|x64.ActiveCfg = Release|x64
		{758EC86D-0655-41E0-98D3-42E3F0845847}.Release|x64.Build.0 = Release|x64
		{758EC86D-0655-41E0-98D3-42E3F0845847}.Release|x86.ActiveCfg = Release|Win32
		{758EC86D-0655-41E0-98D3-42E3F0845847}.Release|x86.Build.0 = Release|Win32
	EndGlobalSection
	GlobalSection(SolutionProperties) = preSolution
		HideSolutionNode = FALSE
	EndGlobalSection
	GlobalSection(ExtensibilityGlobals) = postSolution
		SolutionGuid = {9B3BD117-5A0F-4FF5-891B-199183E1F754}
	EndGlobalSection
EndGlobal
